
Microsoft Visual Studio Solution File, Format Version 12.00
# Visual Studio Version 16
VisualStudioVersion = 16.0.31105.61
MinimumVisualStudioVersion = 10.0.40219.1
Project("{FAE04EC0-301F-11D3-BF4B-00C04F79EFBC}") = "GUI CSharp", "GUI CSharp.csproj", "{B137CF21-EDB6-4DFD-8DFD-7F8C05FBD556}"
EndProject
Global
	GlobalSection(SolutionConfigurationPlatforms) = preSolution
		Debug|Any CPU = Debug|Any CPU
		Release|Any CPU = Release|Any CPU
	EndGlobalSection
	GlobalSection(ProjectConfigurationPlatforms) = postSolution
		{B137CF21-EDB6-4DFD-8DFD-7F8C05FBD556}.Debug|Any CPU.ActiveCfg = Debug|Any CPU
		{B137CF21-EDB6-4DFD-8DFD-7F8C05FBD556}.Debug|Any CPU.Build.0 = Debug|Any CPU
		{B137CF21-EDB6-4DFD-8DFD-7F8C05FBD556}.Release|Any CPU.ActiveCfg = Release|Any CPU
		{B137CF21-EDB6-4DFD-8DFD-7F8C05FBD556}.Release|Any CPU.Build.0 = Release|Any CPU
	EndGlobalSection
	GlobalSection(SolutionProperties) = preSolution
		HideSolutionNode = FALSE
	EndGlobalSection
	GlobalSection(ExtensibilityGlobals) = postSolution
		SolutionGuid = {2485251B-D49D-4B1D-BBE3-F88A15C50073}
	EndGlobalSection
EndGlobal
